Microsoft Visual Studio Solution File, Format Version 12.00
# Visual Studio Version 17
VisualStudioVersion = 17.5.2.0
MinimumVisualStudioVersion = 10.0.40219.1
Project("{FAE04EC0-301F-11D3-BF4B-00C04F79EFBC}") = "UmaClubFanScraper", "UmaClubFanScraper.csproj", "{BE8AC8F8-65D4-B06C-73B1-5889C0D0F637}"
EndProject
Global
	GlobalSection(SolutionConfigurationPlatforms) = preSolution
		Debug|Any CPU = Debug|Any CPU
		Release|Any CPU = Release|Any CPU
	EndGlobalSection
	GlobalSection(ProjectConfigurationPlatforms) = postSolution
		{BE8AC8F8-65D4-B06C-73B1-5889C0D0F637}.Debug|Any CPU.ActiveCfg = Debug|Any CPU
		{BE8AC8F8-65D4-B06C-73B1-5889C0D0F637}.Debug|Any CPU.Build.0 = Debug|Any CPU
		{BE8AC8F8-65D4-B06C-73B1-5889C0D0F637}.Release|Any CPU.ActiveCfg = Release|Any CPU
		{BE8AC8F8-65D4-B06C-73B1-5889C0D0F637}.Release|Any CPU.Build.0 = Release|Any CPU
	EndGlobalSection
	GlobalSection(SolutionProperties) = preSolution
		HideSolutionNode = FALSE
	EndGlobalSection
	GlobalSection(ExtensibilityGlobals) = postSolution
		SolutionGuid = {6549DF88-4B64-4584-AFCC-248C9B13A415}
	EndGlobalSection
EndGlobal
